[[package]]
category = "dev"
description = "Atomic file writes."
name = "atomicwrites"
optional = false
platform = "*"
python-versions = ">=2.7, !=3.0.*, !=3.1.*, !=3.2.*, !=3.3.*"
version = "1.2.1"

[[package]]
category = "dev"
description = "Classes Without Boilerplate"
name = "attrs"
optional = false
platform = "*"
python-versions = "*"
version = "18.2.0"

[[package]]
category = "dev"
description = "Cross-platform colored terminal text."
name = "colorama"
optional = false
platform = "UNKNOWN"
python-versions = "*"
version = "0.3.9"

[package.requirements]
platform = "win32"

[[package]]
category = "dev"
description = "Python function signatures from PEP362 for Python 2.6, 2.7 and 3.2+"
name = "funcsigs"
optional = false
platform = "UNKNOWN"
python-versions = "*"
version = "1.0.2"

[package.dependencies]
[package.dependencies.ordereddict]
python = "<2.7"
version = "*"

[package.requirements]
python = "<3.0"

[[package]]
category = "dev"
description = "More routines for operating on iterables, beyond itertools"
name = "more-itertools"
optional = false
platform = "*"
python-versions = "*"
version = "4.3.0"

[package.dependencies]
six = ">=1.0.0,<2.0.0"

[[package]]
category = "main"
description = "NumPy: array processing for numbers, strings, records, and objects."
name = "numpy"
optional = false
platform = "Windows"
python-versions = ">=2.7,!=3.0.*,!=3.1.*,!=3.2.*,!=3.3.*"
version = "1.15.2"

[[package]]
category = "dev"
description = "A drop-in substitute for Py2.7's new collections.OrderedDict that works in Python 2.4-2.6."
name = "ordereddict"
optional = false
platform = "UNKNOWN"
python-versions = "*"
version = "1.1"

[package.requirements]
python = "<2.7"

[[package]]
category = "dev"
description = "Object-oriented filesystem paths"
name = "pathlib2"
optional = false
platform = "*"
python-versions = "*"
version = "2.3.2"

[package.dependencies]
six = "*"

[package.dependencies.scandir]
python = "<3.5"
version = "*"

[package.requirements]
python = "<3.6"

[[package]]
category = "dev"
description = "plugin and hook calling mechanisms for python"
name = "pluggy"
optional = false
platform = "unix"
python-versions = ">=2.7, !=3.0.*, !=3.1.*, !=3.2.*, !=3.3.*"
version = "0.7.1"

[[package]]
category = "dev"
description = "library with cross-python path, ini-parsing, io, code, log facilities"
name = "py"
optional = false
platform = "unix"
python-versions = ">=2.7, !=3.0.*, !=3.1.*, !=3.2.*, !=3.3.*"
version = "1.6.0"

[[package]]
category = "dev"
description = "pytest: simple powerful testing with Python"
name = "pytest"
optional = false
platform = "unix"
python-versions = ">=2.7, !=3.0.*, !=3.1.*, !=3.2.*, !=3.3.*"
version = "3.8.1"

[package.dependencies]
atomicwrites = ">=1.0"
attrs = ">=17.4.0"
more-itertools = ">=4.0.0"
pluggy = ">=0.7"
py = ">=1.5.0"
setuptools = "*"
six = ">=1.10.0"

[package.dependencies.colorama]
platform = "win32"
version = "*"

[package.dependencies.funcsigs]
python = "<3.0"
version = "*"

[package.dependencies.pathlib2]
python = "<3.6"
version = ">=2.2.0"

[[package]]
category = "dev"
description = "scandir, a better directory iterator and faster os.walk()"
name = "scandir"
optional = false
platform = "*"
python-versions = "*"
version = "1.9.0"

[package.requirements]
python = "<3.5"

[[package]]
category = "main"
description = "SciPy: Scientific Library for Python"
name = "scipy"
optional = false
platform = "Windows"
python-versions = ">=2.7,!=3.0.*,!=3.1.*,!=3.2.*,!=3.3.*"
version = "1.1.0"

[package.dependencies]
numpy = ">=1.8.2"

[[package]]
category = "dev"
description = "Python 2 and 3 compatibility utilities"
name = "six"
optional = false
platform = "*"
python-versions = "*"
version = "1.11.0"

[metadata]
content-hash = "3ae2d057a4d6a1b7d6664bc9420f41a7638e505426f39564f4f99cef94dec0f8"
platform = "*"
python-versions = "*"

[metadata.hashes]
atomicwrites = ["0312ad34fcad8fac3704d441f7b317e50af620823353ec657a53e981f92920c0", "ec9ae8adaae229e4f8446952d204a3e4b5fdd2d099f9be3aaf556120135fb3ee"]
attrs = ["10cbf6e27dbce8c30807caf056c8eb50917e0eaafe86347671b57254006c3e69", "ca4be454458f9dec299268d472aaa5a11f67a4ff70093396e1ceae9c76cf4bbb"]
colorama = ["463f8483208e921368c9f306094eb6f725c6ca42b0f97e313cb5d5512459feda", "48eb22f4f8461b1df5734a074b57042430fb06e1d61bd1e11b078c0fe6d7a1f1"]
funcsigs = ["330cc27ccbf7f1e992e69fef78261dc7c6569012cf397db8d3de0234e6c937ca", "a7bb0f2cf3a3fd1ab2732cb49eba4252c2af4240442415b4abce3b87022a8f50"]
more-itertools = ["c187a73da93e7a8acc0001572aebc7e3c69daf7bf6881a2cea10650bd4420092", "c476b5d3a34e12d40130bc2f935028b5f636df8f372dc2c1c01dc19681b2039e", "fcbfeaea0be121980e15bc97b3817b5202ca73d0eae185b4550cbfce2a3ebb3d"]
numpy = ["1b1cf8f7300cf7b11ddb4250b3898c711a6187df05341b5b7153db23ffe5d498", "27a0d018f608a3fe34ac5e2b876f4c23c47e38295c47dd0775cc294cd2614bc1", "3fde172e28c899580d32dc21cb6d4a1225d62362f61050b654545c662eac215a", "497d7c86df4f85eb03b7f58a7dd0f8b948b1f582e77629341f624ba301b4d204", "4e28e66cf80c09a628ae680efeb0aa9a066eb4bb7db2a5669024c5b034891576", "58be95faf0ca2d886b5b337e7cba2923e3ad1224b806a91223ea39f1e0c77d03", "5b4dfb6551eaeaf532054e2c6ef4b19c449c2e3a709ebdde6392acb1372ecabc", "63f833a7c622e9082df3cbaf03b4fd92d7e0c11e2f9d87cb57dbf0e84441964b", "71bf3b7ca15b1967bba3a1ef6a8e87286382a8b5e46ac76b42a02fe787c5237d", "733dc5d47e71236263837825b69c975bc08728ae638452b34aeb1d6fa347b780", "82f00a1e2695a0e5b89879aa25ea614530b8ebdca6d49d4834843d498e8a5e92", "866bf72b9c3bfabe4476d866c70ee1714ad3e2f7b7048bb934892335e7b6b1f7", "8aeac8b08f4b8c52129518efcd93706bb6d506ccd17830b67d18d0227cf32d9e", "8d2cfb0aef7ec8759736cce26946efa084cdf49797712333539ef7d135e0295e", "981224224bbf44d95278eb37996162e8beb6f144d2719b144e86dfe2fce6c510", "981daff58fa3985a26daa4faa2b726c4e7a1d45178100125c0e1fdaf2ac64978", "9ad36dbfdbb0cba90a08e7343fadf86f43cf6d87450e8d2b5d71d7c7202907e4", "a251570bb3cb04f1627f23c234ad09af0e54fc8194e026cf46178f2e5748d647", "b5ff7dae352fd9e1edddad1348698e9fea14064460a7e39121ef9526745802e6", "c898f9cca806102fcacb6309899743aa39efb2ad2a302f4c319f54db9f05cd84", "cf4b970042ce148ad8dce4369c02a4078b382dadf20067ce2629c239d76460d1", "d1569013e8cc8f37e9769d19effdd85e404c976cd0ca28a94e3ddc026c216ae8", "dca261e85fe0d34b2c242ecb31c9ab693509af2cf955d9caf01ee3ef3669abd0", "ec8bf53ef7c92c99340972519adbe122e82c81d5b87cbd955c74ba8a8cd2a4ad", "f2e55726a9ee2e8129d6ce6abb466304868051bcc7a09d652b3b07cd86e801a2", "f4dee74f2626c783a3804df9191e9008946a104d5a284e52427a53ff576423cb", "f592fd7fe1f20b5041928cce1330937eca62f9058cb41e69c2c2d83cffc0d1e3", "ffab5b80bba8c86251291b8ce2e6c99a61446459d4c6637f5d5cc8c9ce37c972"]
ordereddict = ["1c35b4ac206cef2d24816c89f89cf289dd3d38cf7c449bb3fab7bf6d43f01b1f"]
pathlib2 = ["8eb170f8d0d61825e09a95b38be068299ddeda82f35e96c3301a8a5e7604cb83", "d1aa2a11ba7b8f7b21ab852b1fb5afb277e1bb99d5dfc663380b5015c0d80c5a"]
pluggy = ["6e3836e39f4d36ae72840833db137f7b7d35105079aee6ec4a62d9f80d594dd1", "95eb8364a4708392bae89035f45341871286a333f749c3141c20573d2b3876e1"]
py = ["06a30435d058473046be836d3fc4f27167fd84c45b99704f2fb5509ef61f9af1", "50402e9d1c9005d759426988a492e0edaadb7f4e68bcddfea586bc7432d009c6"]
pytest = ["0a72d8a9f559c006ba153e0c9b4838efd7b656cf1f993747ba7128770d6eb12c", "95529588ff4e85114a0b0ad8e9cf0131ca47d46b28230e25366c5aba66b1d854"]
scandir = ["04b8adb105f2ed313a7c2ef0f1cf7aff4871aa7a1883fa4d8c44b5551ab052d6", "1444134990356c81d12f30e4b311379acfbbcd03e0bab591de2696a3b126d58e", "1b5c314e39f596875e5a95dd81af03730b338c277c54a454226978d5ba95dbb6", "346619f72eb0ddc4cf355ceffd225fa52506c92a2ff05318cfabd02a144e7c4e", "44975e209c4827fc18a3486f257154d34ec6eaec0f90fef0cca1caa482db7064", "61859fd7e40b8c71e609c202db5b0c1dbec0d5c7f1449dec2245575bdc866792", "a5e232a0bf188362fa00123cc0bb842d363a292de7126126df5527b6a369586a", "c14701409f311e7a9b7ec8e337f0815baf7ac95776cc78b419a1e6d49889a383", "c7708f29d843fc2764310732e41f0ce27feadde453261859ec0fca7865dfc41b", "c9009c527929f6e25604aec39b0a43c3f831d2947d89d6caaab22f057b7055c8", "f5c71e29b4e2af7ccdc03a020c626ede51da471173b4a6ad1e904f2b2e04b4bd"]
scipy = ["0611ee97296265af4a21164a5323f8c1b4e8e15c582d3dfa7610825900136bb7", "08237eda23fd8e4e54838258b124f1cd141379a5f281b0a234ca99b38918c07a", "0e645dbfc03f279e1946cf07c9c754c2a1859cb4a41c5f70b25f6b3a586b6dbd", "0e9bb7efe5f051ea7212555b290e784b82f21ffd0f655405ac4f87e288b730b3", "108c16640849e5827e7d51023efb3bd79244098c3f21e4897a1007720cb7ce37", "340ef70f5b0f4e2b4b43c8c8061165911bc6b2ad16f8de85d9774545e2c47463", "3ad73dfc6f82e494195144bd3a129c7241e761179b7cb5c07b9a0ede99c686f3", "3b243c77a822cd034dad53058d7c2abf80062aa6f4a32e9799c95d6391558631", "404a00314e85eca9d46b80929571b938e97a143b4f2ddc2b2b3c91a4c4ead9c5", "423b3ff76957d29d1cce1bc0d62ebaf9a3fdfaf62344e3fdec14619bb7b5ad3a", "42d9149a2fff7affdd352d157fa5717033767857c11bd55aa4a519a44343dfef", "625f25a6b7d795e8830cb70439453c9f163e6870e710ec99eba5722775b318f3", "698c6409da58686f2df3d6f815491fd5b4c2de6817a45379517c92366eea208f", "729f8f8363d32cebcb946de278324ab43d28096f36593be6281ca1ee86ce6559", "8190770146a4c8ed5d330d5b5ad1c76251c63349d25c96b3094875b930c44692", "878352408424dffaa695ffedf2f9f92844e116686923ed9aa8626fc30d32cfd1", "8b984f0821577d889f3c7ca8445564175fb4ac7c7f9659b7c60bef95b2b70e76", "8f841bbc21d3dad2111a94c490fb0a591b8612ffea86b8e5571746ae76a3deac", "c22b27371b3866c92796e5d7907e914f0e58a36d3222c5d436ddd3f0e354227a", "d0cdd5658b49a722783b8b4f61a6f1f9c75042d0e29a30ccb6cacc9b25f6d9e2", "d40dc7f494b06dcee0d303e51a00451b2da6119acbeaccf8369f2d29e28917ac", "d8491d4784aceb1f100ddb8e31239c54e4afab8d607928a9f7ef2469ec35ae01", "dfc5080c38dde3f43d8fbb9c0539a7839683475226cf83e4b24363b227dfe552", "e24e22c8d98d3c704bb3410bce9b69e122a8de487ad3dbfe9985d154e5c03a40", "e7a01e53163818d56eabddcafdc2090e9daba178aad05516b20c6591c4811020", "ee677635393414930541a096fc8e61634304bb0153e4e02b75685b11eba14cae", "f0521af1b722265d824d6ad055acfe9bd3341765735c44b5a4d0069e189a0f40", "f25c281f12c0da726c6ed00535ca5d1622ec755c30a3f8eafef26cf43fede694"]
six = ["70e8a77beed4562e7f14fe23a786b54f6296e34344c23bc42f07b15018ff98e9", "832dc0e10feb1aa2c68dcc57dbb658f1c7e65b9b61af69048abc87a2db00a0eb"]
